
Microsoft Visual Studio Solution File, Format Version 12.00
# Visual Studio 15
VisualStudioVersion = 15.0.28307.329
MinimumVisualStudioVersion = 10.0.40219.1
Project("{FAE04EC0-301F-11D3-BF4B-00C04F79EFBC}") = "WindowsFormsApp3", "WindowsFormsApp3\WindowsFormsApp3.csproj", "{DA5E1042-4614-4112-8366-C987CE151947}"
EndProject
Global
	GlobalSection(SolutionConfigurationPlatforms) = preSolution
		Debug|Any CPU = Debug|Any CPU
		Release|Any CPU = Release|Any CPU
	EndGlobalSection
	GlobalSection(ProjectConfigurationPlatforms) = postSolution
		{DA5E1042-4614-4112-8366-C987CE151947}.Debug|Any CPU.ActiveCfg = Debug|Any CPU
		{DA5E1042-4614-4112-8366-C987CE151947}.Debug|Any CPU.Build.0 = Debug|Any CPU
		{DA5E1042-4614-4112-8366-C987CE151947}.Release|Any CPU.ActiveCfg = Release|Any CPU
		{DA5E1042-4614-4112-8366-C987CE151947}.Release|Any CPU.Build.0 = Release|Any CPU
	EndGlobalSection
	GlobalSection(SolutionProperties) = preSolution
		HideSolutionNode = FALSE
	EndGlobalSection
	GlobalSection(ExtensibilityGlobals) = postSolution
		SolutionGuid = {7C24A250-14A0-408B-A55C-EA0F06A498E3}
	EndGlobalSection
EndGlobal
